
Microsoft Visual Studio Solution File, Format Version 12.00
# Visual Studio 15
VisualStudioVersion = 15.0.27703.2042
MinimumVisualStudioVersion = 10.0.40219.1
Project("{9A19103F-16F7-4668-BE54-9A1E7A4F7556}") = "AzureSignalRConsoleApp.Server", "AzureSignalRConsoleApp.Server\AzureSignalRConsoleApp.Server.csproj", "{9C1D9E1B-73B8-48C0-8828-450593D542FD}"
EndProject
Project("{9A19103F-16F7-4668-BE54-9A1E7A4F7556}") = "AzureSignalRConsoleApp.Client", "AzureSignalRConsoleApp.Client\AzureSignalRConsoleApp.Client.csproj", "{0175E621-8C53-411C-9226-F877307626FD}"
EndProject
Project("{FAE04EC0-301F-11D3-BF4B-00C04F79EFBC}") = "AzureSignalRConsoleApp.Utils", "AzureSignalRConsoleApp.Utils\AzureSignalRConsoleApp.Utils.csproj", "{D395374E-6BF6-4ABD-B5CC-020B4C7BE1D5}"
EndProject
Global
	GlobalSection(SolutionConfigurationPlatforms) = preSolution
		Debug|Any CPU = Debug|Any CPU
		Release|Any CPU = Release|Any CPU
	EndGlobalSection
	GlobalSection(ProjectConfigurationPlatforms) = postSolution
		{9C1D9E1B-73B8-48C0-8828-450593D542FD}.Debug|Any CPU.ActiveCfg = Debug|Any CPU
		{9C1D9E1B-73B8-48C0-8828-450593D542FD}.Debug|Any CPU.Build.0 = Debug|Any CPU
		{9C1D9E1B-73B8-48C0-8828-450593D542FD}.Release|Any CPU.ActiveCfg = Release|Any CPU
		{9C1D9E1B-73B8-48C0-8828-450593D542FD}.Release|Any CPU.Build.0 = Release|Any CPU
		{0175E621-8C53-411C-9226-F877307626FD}.Debug|Any CPU.ActiveCfg = Debug|Any CPU
		{0175E621-8C53-411C-9226-F877307626FD}.Debug|Any CPU.Build.0 = Debug|Any CPU
		{0175E621-8C53-411C-9226-F877307626FD}.Release|Any CPU.ActiveCfg = Release|Any CPU
		{0175E621-8C53-411C-9226-F877307626FD}.Release|Any CPU.Build.0 = Release|Any CPU
		{D395374E-6BF6-4ABD-B5CC-020B4C7BE1D5}.Debug|Any CPU.ActiveCfg = Debug|Any CPU
		{D395374E-6BF6-4ABD-B5CC-020B4C7BE1D5}.Debug|Any CPU.Build.0 = Debug|Any CPU
		{D395374E-6BF6-4ABD-B5CC-020B4C7BE1D5}.Release|Any CPU.ActiveCfg = Release|Any CPU
		{D395374E-6BF6-4ABD-B5CC-020B4C7BE1D5}.Release|Any CPU.Build.0 = Release|Any CPU
	EndGlobalSection
	GlobalSection(SolutionProperties) = preSolution
		HideSolutionNode = FALSE
	EndGlobalSection
	GlobalSection(ExtensibilityGlobals) = postSolution
		SolutionGuid = {62981618-99D1-4D56-BDA6-58DDF63BB87D}
	EndGlobalSection
EndGlobal
